{
  "name": "MachineLearning",
  "lockfileVersion": 3,
  "requires": true,
  "packages": {
    "": {
      "dependencies": {
        "networkx": "^0.0.1-security"
      }
    },
    "node_modules/networkx": {
      "version": "0.0.1-security",
      "resolved": "https://registry.npmjs.org/networkx/-/networkx-0.0.1-security.tgz",
      "integrity": "sha512-DbiM49eUG34GoSVxfzBzp6P7RvwjSWI1E2MxdtNoBhY62mWOVGyooomK2QVfmTxZ1V1VV0OyOHeIrohzoIKx4g=="
    }
  }
}
